
Microsoft Visual Studio Solution File, Format Version 12.00
# Visual Studio 15
VisualStudioVersion = 15.0.27130.2026
MinimumVisualStudioVersion = 10.0.40219.1
Project("{888888A0-9F3D-457C-B088-3A5042F75D52}") = "Youtube2Mp3", "Youtube2Mp3\Youtube2Mp3.pyproj", "{3A8EDD81-9305-4FA8-860C-B0BF4A01162D}"
EndProject
Global
	GlobalSection(SolutionConfigurationPlatforms) = preSolution
		Debug|Any CPU = Debug|Any CPU
		Release|Any CPU = Release|Any CPU
	EndGlobalSection
	GlobalSection(ProjectConfigurationPlatforms) = postSolution
		{3A8EDD81-9305-4FA8-860C-B0BF4A01162D}.Debug|Any CPU.ActiveCfg = Debug|Any CPU
		{3A8EDD81-9305-4FA8-860C-B0BF4A01162D}.Release|Any CPU.ActiveCfg = Release|Any CPU
	EndGlobalSection
	GlobalSection(SolutionProperties) = preSolution
		HideSolutionNode = FALSE
	EndGlobalSection
	GlobalSection(ExtensibilityGlobals) = postSolution
		SolutionGuid = {DC9E7D11-CD38-49AB-8581-6DDBCD8F9056}
	EndGlobalSection
EndGlobal
